
Microsoft Visual Studio Solution File, Format Version 12.00
# Visual Studio Version 17
VisualStudioVersion = 17.5.002.0
MinimumVisualStudioVersion = 10.0.40219.1
Project("{2150E333-8FDC-42A3-9474-1A3956D46DE8}") = "exercise01", "exercise01", "{C933ACA3-7448-433F-A12C-24D9F6FCF8EF}"
EndProject
Project("{2150E333-8FDC-42A3-9474-1A3956D46DE8}") = "src", "src", "{385B264A-2F60-4171-8398-22823DE9937F}"
EndProject
Project("{9A19103F-16F7-4668-BE54-9A1E7A4F7556}") = "WgDotnet.Exercise01", "exercise01\src\WgDotnet.Exercise01\WgDotnet.Exercise01.csproj", "{A8A34AEF-6C7B-49F9-A4B2-E82805B4EA6C}"
EndProject
Global
	GlobalSection(SolutionConfigurationPlatforms) = preSolution
		Debug|Any CPU = Debug|Any CPU
		Release|Any CPU = Release|Any CPU
	EndGlobalSection
	GlobalSection(ProjectConfigurationPlatforms) = postSolution
		{A8A34AEF-6C7B-49F9-A4B2-E82805B4EA6C}.Debug|Any CPU.ActiveCfg = Debug|Any CPU
		{A8A34AEF-6C7B-49F9-A4B2-E82805B4EA6C}.Debug|Any CPU.Build.0 = Debug|Any CPU
		{A8A34AEF-6C7B-49F9-A4B2-E82805B4EA6C}.Release|Any CPU.ActiveCfg = Release|Any CPU
		{A8A34AEF-6C7B-49F9-A4B2-E82805B4EA6C}.Release|Any CPU.Build.0 = Release|Any CPU
	EndGlobalSection
	GlobalSection(SolutionProperties) = preSolution
		HideSolutionNode = FALSE
	EndGlobalSection
	GlobalSection(NestedProjects) = preSolution
		{385B264A-2F60-4171-8398-22823DE9937F} = {C933ACA3-7448-433F-A12C-24D9F6FCF8EF}
		{A8A34AEF-6C7B-49F9-A4B2-E82805B4EA6C} = {385B264A-2F60-4171-8398-22823DE9937F}
	EndGlobalSection
	GlobalSection(ExtensibilityGlobals) = postSolution
		SolutionGuid = {8C6B5DC2-56B1-42FC-BC42-D503EC22809F}
	EndGlobalSection
EndGlobal
